
Microsoft Visual Studio Solution File, Format Version 12.00
# Visual Studio Version 16
VisualStudioVersion = 16.0.31129.286
MinimumVisualStudioVersion = 10.0.40219.1
Project("{FAE04EC0-301F-11D3-BF4B-00C04F79EFBC}") = "APC_ShellcodeExecution", "APC_ShellcodeExecution\APC_ShellcodeExecution.csproj", "{4CF2D15D-A909-4942-93DD-2B749A943AE5}"
EndProject
Global
	GlobalSection(SolutionConfigurationPlatforms) = preSolution
		Debug|Any CPU = Debug|Any CPU
		Debug|x64 = Debug|x64
		Debug|x86 = Debug|x86
		Release|Any CPU = Release|Any CPU
		Release|x64 = Release|x64
		Release|x86 = Release|x86
	EndGlobalSection
	GlobalSection(ProjectConfigurationPlatforms) = postSolution
		{4CF2D15D-A909-4942-93DD-2B749A943AE5}.Debug|Any CPU.ActiveCfg = Debug|Any CPU
		{4CF2D15D-A909-4942-93DD-2B749A943AE5}.Debug|Any CPU.Build.0 = Debug|Any CPU
		{4CF2D15D-A909-4942-93DD-2B749A943AE5}.Debug|x64.ActiveCfg = Debug|x64
		{4CF2D15D-A909-4942-93DD-2B749A943AE5}.Debug|x64.Build.0 = Debug|x64
		{4CF2D15D-A909-4942-93DD-2B749A943AE5}.Debug|x86.ActiveCfg = Debug|x86
		{4CF2D15D-A909-4942-93DD-2B749A943AE5}.Debug|x86.Build.0 = Debug|x86
		{4CF2D15D-A909-4942-93DD-2B749A943AE5}.Release|Any CPU.ActiveCfg = Release|Any CPU
		{4CF2D15D-A909-4942-93DD-2B749A943AE5}.Release|Any CPU.Build.0 = Release|Any CPU
		{4CF2D15D-A909-4942-93DD-2B749A943AE5}.Release|x64.ActiveCfg = Release|x64
		{4CF2D15D-A909-4942-93DD-2B749A943AE5}.Release|x64.Build.0 = Release|x64
		{4CF2D15D-A909-4942-93DD-2B749A943AE5}.Release|x86.ActiveCfg = Release|x86
		{4CF2D15D-A909-4942-93DD-2B749A943AE5}.Release|x86.Build.0 = Release|x86
	EndGlobalSection
	GlobalSection(SolutionProperties) = preSolution
		HideSolutionNode = FALSE
	EndGlobalSection
	GlobalSection(ExtensibilityGlobals) = postSolution
		SolutionGuid = {7AD5931D-05D1-4155-821E-615D57AF169C}
	EndGlobalSection
EndGlobal
